
Microsoft Visual Studio Solution File, Format Version 12.00
# Visual Studio 2013
VisualStudioVersion = 12.0.30501.0
MinimumVisualStudioVersion = 10.0.40219.1
Project("{8BC9CEB8-8B4A-11D0-8D11-00A0C91BC942}") = "PsoAlgorithm", "PsoAlgorithm\PsoAlgorithm.vcxproj", "{F85B7711-D9B8-48B1-BFD7-6D9B4D787DCB}"
EndProject
Project("{8BC9CEB8-8B4A-11D0-8D11-00A0C91BC942}") = "StandardParticle", "StandardParticle\StandardParticle.vcxproj", "{CDC6E8F6-22E3-402B-9791-F3B9FB82F49F}"
EndProject
Project("{8BC9CEB8-8B4A-11D0-8D11-00A0C91BC942}") = "PsoTest", "PsoTest\PsoTest.vcxproj", "{4789483E-254E-48DD-AF7E-984F52D6F898}"
EndProject
Project("{8BC9CEB8-8B4A-11D0-8D11-00A0C91BC942}") = "Wrapper", "Wrapper\Wrapper.vcxproj", "{3A8A6019-EBCB-4626-8E2E-165E69C37C05}"
EndProject
Project("{FAE04EC0-301F-11D3-BF4B-00C04F79EFBC}") = "Tests", "Tests\Tests.csproj", "{35412F25-A1C7-4FE0-B7AF-F21A128D05FB}"
	ProjectSection(ProjectDependencies) = postProject
		{F85B7711-D9B8-48B1-BFD7-6D9B4D787DCB} = {F85B7711-D9B8-48B1-BFD7-6D9B4D787DCB}
		{CDC6E8F6-22E3-402B-9791-F3B9FB82F49F} = {CDC6E8F6-22E3-402B-9791-F3B9FB82F49F}
	EndProjectSection
EndProject
Project("{FAE04EC0-301F-11D3-BF4B-00C04F79EFBC}") = "Controller", "Controller\Controller.csproj", "{DFE2DE9A-2440-4D1C-A7FF-C3F00EDA51FB}"
EndProject
Project("{8BC9CEB8-8B4A-11D0-8D11-00A0C91BC942}") = "CudaPso", "CudaPso\CudaPso.vcxproj", "{B49631EB-251B-46F9-A806-B4F8DF37DCCD}"
EndProject
Project("{FAE04EC0-301F-11D3-BF4B-00C04F79EFBC}") = "Node", "Node\Node.csproj", "{78963D19-F2E3-41D3-90B4-6F03AECF9C0B}"
EndProject
Project("{FAE04EC0-301F-11D3-BF4B-00C04F79EFBC}") = "Common", "Common\Common.csproj", "{1ABBF21A-D8D4-4AE0-A3CA-F8BE3D11B84B}"
EndProject
Global
	GlobalSection(SolutionConfigurationPlatforms) = preSolution
		Debug|Any CPU = Debug|Any CPU
		Debug|Mixed Platforms = Debug|Mixed Platforms
		Debug|Win32 = Debug|Win32
		Debug|x64 = Debug|x64
		Debug|x86 = Debug|x86
		Release|Any CPU = Release|Any CPU
		Release|Mixed Platforms = Release|Mixed Platforms
		Release|Win32 = Release|Win32
		Release|x64 = Release|x64
		Release|x86 = Release|x86
	EndGlobalSection
	GlobalSection(ProjectConfigurationPlatforms) = postSolution
		{F85B7711-D9B8-48B1-BFD7-6D9B4D787DCB}.Debug|Any CPU.ActiveCfg = Debug|Win32
		{F85B7711-D9B8-48B1-BFD7-6D9B4D787DCB}.Debug|Mixed Platforms.ActiveCfg = Debug|Win32
		{F85B7711-D9B8-48B1-BFD7-6D9B4D787DCB}.Debug|Mixed Platforms.Build.0 = Debug|Win32
		{F85B7711-D9B8-48B1-BFD7-6D9B4D787DCB}.Debug|Win32.ActiveCfg = Debug|Win32
		{F85B7711-D9B8-48B1-BFD7-6D9B4D787DCB}.Debug|Win32.Build.0 = Debug|Win32
		{F85B7711-D9B8-48B1-BFD7-6D9B4D787DCB}.Debug|x64.ActiveCfg = Debug|x64
		{F85B7711-D9B8-48B1-BFD7-6D9B4D787DCB}.Debug|x64.Build.0 = Debug|x64
		{F85B7711-D9B8-48B1-BFD7-6D9B4D787DCB}.Debug|x86.ActiveCfg = Debug|Win32
		{F85B7711-D9B8-48B1-BFD7-6D9B4D787DCB}.Debug|x86.Build.0 = Debug|Win32
		{F85B7711-D9B8-48B1-BFD7-6D9B4D787DCB}.Release|Any CPU.ActiveCfg = Release|Win32
		{F85B7711-D9B8-48B1-BFD7-6D9B4D787DCB}.Release|Mixed Platforms.ActiveCfg = Release|Win32
		{F85B7711-D9B8-48B1-BFD7-6D9B4D787DCB}.Release|Mixed Platforms.Build.0 = Release|Win32
		{F85B7711-D9B8-48B1-BFD7-6D9B4D787DCB}.Release|Win32.ActiveCfg = Release|Win32
		{F85B7711-D9B8-48B1-BFD7-6D9B4D787DCB}.Release|Win32.Build.0 = Release|Win32
		{F85B7711-D9B8-48B1-BFD7-6D9B4D787DCB}.Release|x64.ActiveCfg = Release|x64
		{F85B7711-D9B8-48B1-BFD7-6D9B4D787DCB}.Release|x64.Build.0 = Release|x64
		{F85B7711-D9B8-48B1-BFD7-6D9B4D787DCB}.Release|x86.ActiveCfg = Release|Win32
		{F85B7711-D9B8-48B1-BFD7-6D9B4D787DCB}.Release|x86.Build.0 = Release|Win32
		{CDC6E8F6-22E3-402B-9791-F3B9FB82F49F}.Debug|Any CPU.ActiveCfg = Debug|Win32
		{CDC6E8F6-22E3-402B-9791-F3B9FB82F49F}.Debug|Mixed Platforms.ActiveCfg = Debug|Win32
		{CDC6E8F6-22E3-402B-9791-F3B9FB82F49F}.Debug|Mixed Platforms.Build.0 = Debug|Win32
		{CDC6E8F6-22E3-402B-9791-F3B9FB82F49F}.Debug|Win32.ActiveCfg = Debug|Win32
		{CDC6E8F6-22E3-402B-9791-F3B9FB82F49F}.Debug|Win32.Build.0 = Debug|Win32
		{CDC6E8F6-22E3-402B-9791-F3B9FB82F49F}.Debug|x64.ActiveCfg = Debug|x64
		{CDC6E8F6-22E3-402B-9791-F3B9FB82F49F}.Debug|x64.Build.0 = Debug|x64
		{CDC6E8F6-22E3-402B-9791-F3B9FB82F49F}.Debug|x86.ActiveCfg = Debug|Win32
		{CDC6E8F6-22E3-402B-9791-F3B9FB82F49F}.Debug|x86.Build.0 = Debug|Win32
		{CDC6E8F6-22E3-402B-9791-F3B9FB82F49F}.Release|Any CPU.ActiveCfg = Release|Win32
		{CDC6E8F6-22E3-402B-9791-F3B9FB82F49F}.Release|Mixed Platforms.ActiveCfg = Release|Win32
		{CDC6E8F6-22E3-402B-9791-F3B9FB82F49F}.Release|Mixed Platforms.Build.0 = Release|Win32
		{CDC6E8F6-22E3-402B-9791-F3B9FB82F49F}.Release|Win32.ActiveCfg = Release|Win32
		{CDC6E8F6-22E3-402B-9791-F3B9FB82F49F}.Release|Win32.Build.0 = Release|Win32
		{CDC6E8F6-22E3-402B-9791-F3B9FB82F49F}.Release|x64.ActiveCfg = Release|x64
		{CDC6E8F6-22E3-402B-9791-F3B9FB82F49F}.Release|x64.Build.0 = Release|x64
		{CDC6E8F6-22E3-402B-9791-F3B9FB82F49F}.Release|x86.ActiveCfg = Release|Win32
		{CDC6E8F6-22E3-402B-9791-F3B9FB82F49F}.Release|x86.Build.0 = Release|Win32
		{4789483E-254E-48DD-AF7E-984F52D6F898}.Debug|Any CPU.ActiveCfg = Debug|Win32
		{4789483E-254E-48DD-AF7E-984F52D6F898}.Debug|Mixed Platforms.ActiveCfg = Debug|Win32
		{4789483E-254E-48DD-AF7E-984F52D6F898}.Debug|Mixed Platforms.Build.0 = Debug|Win32
		{4789483E-254E-48DD-AF7E-984F52D6F898}.Debug|Win32.ActiveCfg = Debug|Win32
		{4789483E-254E-48DD-AF7E-984F52D6F898}.Debug|Win32.Build.0 = Debug|Win32
		{4789483E-254E-48DD-AF7E-984F52D6F898}.Debug|x64.ActiveCfg = Debug|x64
		{4789483E-254E-48DD-AF7E-984F52D6F898}.Debug|x64.Build.0 = Debug|x64
		{4789483E-254E-48DD-AF7E-984F52D6F898}.Debug|x86.ActiveCfg = Debug|Win32
		{4789483E-254E-48DD-AF7E-984F52D6F898}.Debug|x86.Build.0 = Debug|Win32
		{4789483E-254E-48DD-AF7E-984F52D6F898}.Release|Any CPU.ActiveCfg = Release|Win32
		{4789483E-254E-48DD-AF7E-984F52D6F898}.Release|Mixed Platforms.ActiveCfg = Release|Win32
		{4789483E-254E-48DD-AF7E-984F52D6F898}.Release|Mixed Platforms.Build.0 = Release|Win32
		{4789483E-254E-48DD-AF7E-984F52D6F898}.Release|Win32.ActiveCfg = Release|Win32
		{4789483E-254E-48DD-AF7E-984F52D6F898}.Release|Win32.Build.0 = Release|Win32
		{4789483E-254E-48DD-AF7E-984F52D6F898}.Release|x64.ActiveCfg = Release|x64
		{4789483E-254E-48DD-AF7E-984F52D6F898}.Release|x64.Build.0 = Release|x64
		{4789483E-254E-48DD-AF7E-984F52D6F898}.Release|x86.ActiveCfg = Release|Win32
		{4789483E-254E-48DD-AF7E-984F52D6F898}.Release|x86.Build.0 = Release|Win32
		{3A8A6019-EBCB-4626-8E2E-165E69C37C05}.Debug|Any CPU.ActiveCfg = Debug|Win32
		{3A8A6019-EBCB-4626-8E2E-165E69C37C05}.Debug|Mixed Platforms.ActiveCfg = Debug|Win32
		{3A8A6019-EBCB-4626-8E2E-165E69C37C05}.Debug|Mixed Platforms.Build.0 = Debug|Win32
		{3A8A6019-EBCB-4626-8E2E-165E69C37C05}.Debug|Win32.ActiveCfg = Debug|Win32
		{3A8A6019-EBCB-4626-8E2E-165E69C37C05}.Debug|Win32.Build.0 = Debug|Win32
		{3A8A6019-EBCB-4626-8E2E-165E69C37C05}.Debug|x64.ActiveCfg = Debug|Win32
		{3A8A6019-EBCB-4626-8E2E-165E69C37C05}.Debug|x86.ActiveCfg = Debug|Win32
		{3A8A6019-EBCB-4626-8E2E-165E69C37C05}.Debug|x86.Build.0 = Debug|Win32
		{3A8A6019-EBCB-4626-8E2E-165E69C37C05}.Release|Any CPU.ActiveCfg = Release|Win32
		{3A8A6019-EBCB-4626-8E2E-165E69C37C05}.Release|Mixed Platforms.ActiveCfg = Release|Win32
		{3A8A6019-EBCB-4626-8E2E-165E69C37C05}.Release|Mixed Platforms.Build.0 = Release|Win32
		{3A8A6019-EBCB-4626-8E2E-165E69C37C05}.Release|Win32.ActiveCfg = Release|Win32
		{3A8A6019-EBCB-4626-8E2E-165E69C37C05}.Release|Win32.Build.0 = Release|Win32
		{3A8A6019-EBCB-4626-8E2E-165E69C37C05}.Release|x64.ActiveCfg = Release|Win32
		{3A8A6019-EBCB-4626-8E2E-165E69C37C05}.Release|x86.ActiveCfg = Release|Win32
		{3A8A6019-EBCB-4626-8E2E-165E69C37C05}.Release|x86.Build.0 = Release|Win32
		{35412F25-A1C7-4FE0-B7AF-F21A128D05FB}.Debug|Any CPU.ActiveCfg = Debug|Any CPU
		{35412F25-A1C7-4FE0-B7AF-F21A128D05FB}.Debug|Any CPU.Build.0 = Debug|Any CPU
		{35412F25-A1C7-4FE0-B7AF-F21A128D05FB}.Debug|Mixed Platforms.ActiveCfg = Debug|Any CPU
		{35412F25-A1C7-4FE0-B7AF-F21A128D05FB}.Debug|Mixed Platforms.Build.0 = Debug|Any CPU
		{35412F25-A1C7-4FE0-B7AF-F21A128D05FB}.Debug|Win32.ActiveCfg = Debug|Any CPU
		{35412F25-A1C7-4FE0-B7AF-F21A128D05FB}.Debug|Win32.Build.0 = Debug|Any CPU
		{35412F25-A1C7-4FE0-B7AF-F21A128D05FB}.Debug|x64.ActiveCfg = Debug|Any CPU
		{35412F25-A1C7-4FE0-B7AF-F21A128D05FB}.Debug|x64.Build.0 = Debug|Any CPU
		{35412F25-A1C7-4FE0-B7AF-F21A128D05FB}.Debug|x86.ActiveCfg = Debug|Any CPU
		{35412F25-A1C7-4FE0-B7AF-F21A128D05FB}.Debug|x86.Build.0 = Debug|Any CPU
		{35412F25-A1C7-4FE0-B7AF-F21A128D05FB}.Release|Any CPU.ActiveCfg = Release|Any CPU
		{35412F25-A1C7-4FE0-B7AF-F21A128D05FB}.Release|Any CPU.Build.0 = Release|Any CPU
		{35412F25-A1C7-4FE0-B7AF-F21A128D05FB}.Release|Mixed Platforms.ActiveCfg = Release|Any CPU
		{35412F25-A1C7-4FE0-B7AF-F21A128D05FB}.Release|Mixed Platforms.Build.0 = Release|Any CPU
		{35412F25-A1C7-4FE0-B7AF-F21A128D05FB}.Release|Win32.ActiveCfg = Release|Any CPU
		{35412F25-A1C7-4FE0-B7AF-F21A128D05FB}.Release|Win32.Build.0 = Release|Any CPU
		{35412F25-A1C7-4FE0-B7AF-F21A128D05FB}.Release|x64.ActiveCfg = Release|Any CPU
		{35412F25-A1C7-4FE0-B7AF-F21A128D05FB}.Release|x64.Build.0 = Release|Any CPU
		{35412F25-A1C7-4FE0-B7AF-F21A128D05FB}.Release|x86.ActiveCfg = Release|Any CPU
		{35412F25-A1C7-4FE0-B7AF-F21A128D05FB}.Release|x86.Build.0 = Release|Any CPU
		{DFE2DE9A-2440-4D1C-A7FF-C3F00EDA51FB}.Debug|Any CPU.ActiveCfg = Debug|Any CPU
		{DFE2DE9A-2440-4D1C-A7FF-C3F00EDA51FB}.Debug|Any CPU.Build.0 = Debug|Any CPU
		{DFE2DE9A-2440-4D1C-A7FF-C3F00EDA51FB}.Debug|Mixed Platforms.ActiveCfg = Debug|Any CPU
		{DFE2DE9A-2440-4D1C-A7FF-C3F00EDA51FB}.Debug|Mixed Platforms.Build.0 = Debug|Any CPU
		{DFE2DE9A-2440-4D1C-A7FF-C3F00EDA51FB}.Debug|Win32.ActiveCfg = Debug|Any CPU
		{DFE2DE9A-2440-4D1C-A7FF-C3F00EDA51FB}.Debug|Win32.Build.0 = Debug|Any CPU
		{DFE2DE9A-2440-4D1C-A7FF-C3F00EDA51FB}.Debug|x64.ActiveCfg = Debug|Any CPU
		{DFE2DE9A-2440-4D1C-A7FF-C3F00EDA51FB}.Debug|x64.Build.0 = Debug|Any CPU
		{DFE2DE9A-2440-4D1C-A7FF-C3F00EDA51FB}.Debug|x86.ActiveCfg = Debug|Any CPU
		{DFE2DE9A-2440-4D1C-A7FF-C3F00EDA51FB}.Debug|x86.Build.0 = Debug|Any CPU
		{DFE2DE9A-2440-4D1C-A7FF-C3F00EDA51FB}.Release|Any CPU.ActiveCfg = Release|Any CPU
		{DFE2DE9A-2440-4D1C-A7FF-C3F00EDA51FB}.Release|Any CPU.Build.0 = Release|Any CPU
		{DFE2DE9A-2440-4D1C-A7FF-C3F00EDA51FB}.Release|Mixed Platforms.ActiveCfg = Release|Any CPU
		{DFE2DE9A-2440-4D1C-A7FF-C3F00EDA51FB}.Release|Mixed Platforms.Build.0 = Release|Any CPU
		{DFE2DE9A-2440-4D1C-A7FF-C3F00EDA51FB}.Release|Win32.ActiveCfg = Release|Any CPU
		{DFE2DE9A-2440-4D1C-A7FF-C3F00EDA51FB}.Release|Win32.Build.0 = Release|Any CPU
		{DFE2DE9A-2440-4D1C-A7FF-C3F00EDA51FB}.Release|x64.ActiveCfg = Release|Any CPU
		{DFE2DE9A-2440-4D1C-A7FF-C3F00EDA51FB}.Release|x64.Build.0 = Release|Any CPU
		{DFE2DE9A-2440-4D1C-A7FF-C3F00EDA51FB}.Release|x86.ActiveCfg = Release|Any CPU
		{DFE2DE9A-2440-4D1C-A7FF-C3F00EDA51FB}.Release|x86.Build.0 = Release|Any CPU
		{B49631EB-251B-46F9-A806-B4F8DF37DCCD}.Debug|Any CPU.ActiveCfg = Debug|Win32
		{B49631EB-251B-46F9-A806-B4F8DF37DCCD}.Debug|Mixed Platforms.ActiveCfg = Debug|Win32
		{B49631EB-251B-46F9-A806-B4F8DF37DCCD}.Debug|Mixed Platforms.Build.0 = Debug|Win32
		{B49631EB-251B-46F9-A806-B4F8DF37DCCD}.Debug|Win32.ActiveCfg = Debug|Win32
		{B49631EB-251B-46F9-A806-B4F8DF37DCCD}.Debug|Win32.Build.0 = Debug|Win32
		{B49631EB-251B-46F9-A806-B4F8DF37DCCD}.Debug|x64.ActiveCfg = Debug|x64
		{B49631EB-251B-46F9-A806-B4F8DF37DCCD}.Debug|x64.Build.0 = Debug|x64
		{B49631EB-251B-46F9-A806-B4F8DF37DCCD}.Debug|x86.ActiveCfg = Debug|Win32
		{B49631EB-251B-46F9-A806-B4F8DF37DCCD}.Debug|x86.Build.0 = Debug|Win32
		{B49631EB-251B-46F9-A806-B4F8DF37DCCD}.Release|Any CPU.ActiveCfg = Release|Win32
		{B49631EB-251B-46F9-A806-B4F8DF37DCCD}.Release|Mixed Platforms.ActiveCfg = Release|Win32
		{B49631EB-251B-46F9-A806-B4F8DF37DCCD}.Release|Mixed Platforms.Build.0 = Release|Win32
		{B49631EB-251B-46F9-A806-B4F8DF37DCCD}.Release|Win32.ActiveCfg = Release|Win32
		{B49631EB-251B-46F9-A806-B4F8DF37DCCD}.Release|Win32.Build.0 = Release|Win32
		{B49631EB-251B-46F9-A806-B4F8DF37DCCD}.Release|x64.ActiveCfg = Release|x64
		{B49631EB-251B-46F9-A806-B4F8DF37DCCD}.Release|x64.Build.0 = Release|x64
		{B49631EB-251B-46F9-A806-B4F8DF37DCCD}.Release|x86.ActiveCfg = Release|Win32
		{B49631EB-251B-46F9-A806-B4F8DF37DCCD}.Release|x86.Build.0 = Release|Win32
		{78963D19-F2E3-41D3-90B4-6F03AECF9C0B}.Debug|Any CPU.ActiveCfg = Debug|Any CPU
		{78963D19-F2E3-41D3-90B4-6F03AECF9C0B}.Debug|Any CPU.Build.0 = Debug|Any CPU
		{78963D19-F2E3-41D3-90B4-6F03AECF9C0B}.Debug|Mixed Platforms.ActiveCfg = Debug|Any CPU
		{78963D19-F2E3-41D3-90B4-6F03AECF9C0B}.Debug|Mixed Platforms.Build.0 = Debug|Any CPU
		{78963D19-F2E3-41D3-90B4-6F03AECF9C0B}.Debug|Win32.ActiveCfg = Debug|Any CPU
		{78963D19-F2E3-41D3-90B4-6F03AECF9C0B}.Debug|x64.ActiveCfg = Debug|Any CPU
		{78963D19-F2E3-41D3-90B4-6F03AECF9C0B}.Debug|x86.ActiveCfg = Debug|Any CPU
		{78963D19-F2E3-41D3-90B4-6F03AECF9C0B}.Release|Any CPU.ActiveCfg = Release|Any CPU
		{78963D19-F2E3-41D3-90B4-6F03AECF9C0B}.Release|Any CPU.Build.0 = Release|Any CPU
		{78963D19-F2E3-41D3-90B4-6F03AECF9C0B}.Release|Mixed Platforms.ActiveCfg = Release|Any CPU
		{78963D19-F2E3-41D3-90B4-6F03AECF9C0B}.Release|Mixed Platforms.Build.0 = Release|Any CPU
		{78963D19-F2E3-41D3-90B4-6F03AECF9C0B}.Release|Win32.ActiveCfg = Release|Any CPU
		{78963D19-F2E3-41D3-90B4-6F03AECF9C0B}.Release|x64.ActiveCfg = Release|Any CPU
		{78963D19-F2E3-41D3-90B4-6F03AECF9C0B}.Release|x86.ActiveCfg = Release|Any CPU
		{1ABBF21A-D8D4-4AE0-A3CA-F8BE3D11B84B}.Debug|Any CPU.ActiveCfg = Debug|Any CPU
		{1ABBF21A-D8D4-4AE0-A3CA-F8BE3D11B84B}.Debug|Any CPU.Build.0 = Debug|Any CPU
		{1ABBF21A-D8D4-4AE0-A3CA-F8BE3D11B84B}.Debug|Mixed Platforms.ActiveCfg = Debug|Any CPU
		{1ABBF21A-D8D4-4AE0-A3CA-F8BE3D11B84B}.Debug|Mixed Platforms.Build.0 = Debug|Any CPU
		{1ABBF21A-D8D4-4AE0-A3CA-F8BE3D11B84B}.Debug|Win32.ActiveCfg = Debug|Any CPU
		{1ABBF21A-D8D4-4AE0-A3CA-F8BE3D11B84B}.Debug|x64.ActiveCfg = Debug|Any CPU
		{1ABBF21A-D8D4-4AE0-A3CA-F8BE3D11B84B}.Debug|x86.ActiveCfg = Debug|Any CPU
		{1ABBF21A-D8D4-4AE0-A3CA-F8BE3D11B84B}.Release|Any CPU.ActiveCfg = Release|Any CPU
		{1ABBF21A-D8D4-4AE0-A3CA-F8BE3D11B84B}.Release|Any CPU.Build.0 = Release|Any CPU
		{1ABBF21A-D8D4-4AE0-A3CA-F8BE3D11B84B}.Release|Mixed Platforms.ActiveCfg = Release|Any CPU
		{1ABBF21A-D8D4-4AE0-A3CA-F8BE3D11B84B}.Release|Mixed Platforms.Build.0 = Release|Any CPU
		{1ABBF21A-D8D4-4AE0-A3CA-F8BE3D11B84B}.Release|Win32.ActiveCfg = Release|Any CPU
		{1ABBF21A-D8D4-4AE0-A3CA-F8BE3D11B84B}.Release|x64.ActiveCfg = Release|Any CPU
		{1ABBF21A-D8D4-4AE0-A3CA-F8BE3D11B84B}.Release|x86.ActiveCfg = Release|Any CPU
	EndGlobalSection
	GlobalSection(SolutionProperties) = preSolution
		HideSolutionNode = FALSE
	EndGlobalSection
EndGlobal
