
Microsoft Visual Studio Solution File, Format Version 12.00
# Visual Studio 2013
VisualStudioVersion = 12.0.30501.0
MinimumVisualStudioVersion = 10.0.40219.1
Project("{FAE04EC0-301F-11D3-BF4B-00C04F79EFBC}") = "Tests", "Tests\Tests.csproj", "{35412F25-A1C7-4FE0-B7AF-F21A128D05FB}"
EndProject
Project("{FAE04EC0-301F-11D3-BF4B-00C04F79EFBC}") = "Controller", "Controller\Controller.csproj", "{DFE2DE9A-2440-4D1C-A7FF-C3F00EDA51FB}"
EndProject
Project("{FAE04EC0-301F-11D3-BF4B-00C04F79EFBC}") = "Node", "Node\Node.csproj", "{78963D19-F2E3-41D3-90B4-6F03AECF9C0B}"
EndProject
Project("{FAE04EC0-301F-11D3-BF4B-00C04F79EFBC}") = "Common", "Common\Common.csproj", "{1ABBF21A-D8D4-4AE0-A3CA-F8BE3D11B84B}"
EndProject
Project("{FAE04EC0-301F-11D3-BF4B-00C04F79EFBC}") = "PsoService", "PsoService\PsoService.csproj", "{0E5C5770-930F-4247-98E1-7C5EB90287DD}"
EndProject
Project("{FAE04EC0-301F-11D3-BF4B-00C04F79EFBC}") = "NetworkManager", "NetworkManager\NetworkManager.csproj", "{F46E4D5D-06D4-45CD-A440-9DFAF32C6AAB}"
EndProject
Project("{FAE04EC0-301F-11D3-BF4B-00C04F79EFBC}") = "UserInterface", "UserInterface\UserInterface.csproj", "{44FE6EAD-6A8F-44C9-942C-4175BD7CDF03}"
EndProject
Project("{FAE04EC0-301F-11D3-BF4B-00C04F79EFBC}") = "Algorithm", "Algorithm\Algorithm.csproj", "{76DB894C-93AE-41AF-B0F7-7D853FEF3939}"
EndProject
Project("{FAE04EC0-301F-11D3-BF4B-00C04F79EFBC}") = "Tests_PsoAlgorithm", "Tests_PsoAlgorithm\Tests_PsoAlgorithm.csproj", "{B66A0146-C088-441A-BB9F-09A14C89F530}"
EndProject
Project("{FAE04EC0-301F-11D3-BF4B-00C04F79EFBC}") = "Tests_Common", "Tests_Common\Tests_Common.csproj", "{62092D57-280B-4CDA-990F-ECC3E678695F}"
EndProject
Project("{8BC9CEB8-8B4A-11D0-8D11-00A0C91BC942}") = "NativeGPU", "NativeGPU\NativeGPU.vcxproj", "{F1145067-6917-43EA-B108-458F96F87496}"
EndProject
Project("{FAE04EC0-301F-11D3-BF4B-00C04F79EFBC}") = "ManagedGPU", "ManagedGPU\ManagedGPU.csproj", "{B949184E-1E88-4A23-BD0B-E27DE2201D49}"
EndProject
Project("{FAE04EC0-301F-11D3-BF4B-00C04F79EFBC}") = "Tests_CocoIntegration", "Tests_CocoIntegration\Tests_CocoIntegration.csproj", "{69F2865D-0A0C-4DD8-85EF-9B4504FE8A99}"
EndProject
Project("{8BC9CEB8-8B4A-11D0-8D11-00A0C91BC942}") = "CocoLibrary", "CocoLibrary\CocoLibrary.vcxproj", "{ADD340B4-890A-4181-B6C2-4E5B60AB2D31}"
EndProject
Project("{FAE04EC0-301F-11D3-BF4B-00C04F79EFBC}") = "CocoWrapper", "CocoWrapper\CocoWrapper.csproj", "{0A2370FE-CBB5-4240-BA08-BC8E09AB660A}"
EndProject
Project("{FAE04EC0-301F-11D3-BF4B-00C04F79EFBC}") = "CocoSingleCpuApp", "CocoSingleCpuApp\CocoSingleCpuApp.csproj", "{CE5C942E-7369-40F2-B21E-014D489048CE}"
EndProject
Project("{FAE04EC0-301F-11D3-BF4B-00C04F79EFBC}") = "CocoClusterApp", "CocoClusterApp\CocoClusterApp.csproj", "{B8E78849-B4A8-4903-8525-D1CDC12B6C77}"
EndProject
Global
	GlobalSection(SolutionConfigurationPlatforms) = preSolution
		Debug|Any CPU = Debug|Any CPU
		Debug|Mixed Platforms = Debug|Mixed Platforms
		Debug|Win32 = Debug|Win32
		Debug|x64 = Debug|x64
		Debug|x86 = Debug|x86
		Release|Any CPU = Release|Any CPU
		Release|Mixed Platforms = Release|Mixed Platforms
		Release|Win32 = Release|Win32
		Release|x64 = Release|x64
		Release|x86 = Release|x86
	EndGlobalSection
	GlobalSection(ProjectConfigurationPlatforms) = postSolution
		{35412F25-A1C7-4FE0-B7AF-F21A128D05FB}.Debug|Any CPU.ActiveCfg = Debug|Any CPU
		{35412F25-A1C7-4FE0-B7AF-F21A128D05FB}.Debug|Any CPU.Build.0 = Debug|Any CPU
		{35412F25-A1C7-4FE0-B7AF-F21A128D05FB}.Debug|Mixed Platforms.ActiveCfg = Debug|Any CPU
		{35412F25-A1C7-4FE0-B7AF-F21A128D05FB}.Debug|Mixed Platforms.Build.0 = Debug|Any CPU
		{35412F25-A1C7-4FE0-B7AF-F21A128D05FB}.Debug|Win32.ActiveCfg = Debug|Any CPU
		{35412F25-A1C7-4FE0-B7AF-F21A128D05FB}.Debug|Win32.Build.0 = Debug|Any CPU
		{35412F25-A1C7-4FE0-B7AF-F21A128D05FB}.Debug|x64.ActiveCfg = Debug|Any CPU
		{35412F25-A1C7-4FE0-B7AF-F21A128D05FB}.Debug|x64.Build.0 = Debug|Any CPU
		{35412F25-A1C7-4FE0-B7AF-F21A128D05FB}.Debug|x86.ActiveCfg = Debug|Any CPU
		{35412F25-A1C7-4FE0-B7AF-F21A128D05FB}.Debug|x86.Build.0 = Debug|Any CPU
		{35412F25-A1C7-4FE0-B7AF-F21A128D05FB}.Release|Any CPU.ActiveCfg = Release|Any CPU
		{35412F25-A1C7-4FE0-B7AF-F21A128D05FB}.Release|Any CPU.Build.0 = Release|Any CPU
		{35412F25-A1C7-4FE0-B7AF-F21A128D05FB}.Release|Mixed Platforms.ActiveCfg = Release|Any CPU
		{35412F25-A1C7-4FE0-B7AF-F21A128D05FB}.Release|Mixed Platforms.Build.0 = Release|Any CPU
		{35412F25-A1C7-4FE0-B7AF-F21A128D05FB}.Release|Win32.ActiveCfg = Release|Any CPU
		{35412F25-A1C7-4FE0-B7AF-F21A128D05FB}.Release|Win32.Build.0 = Release|Any CPU
		{35412F25-A1C7-4FE0-B7AF-F21A128D05FB}.Release|x64.ActiveCfg = Release|Any CPU
		{35412F25-A1C7-4FE0-B7AF-F21A128D05FB}.Release|x64.Build.0 = Release|Any CPU
		{35412F25-A1C7-4FE0-B7AF-F21A128D05FB}.Release|x86.ActiveCfg = Release|Any CPU
		{35412F25-A1C7-4FE0-B7AF-F21A128D05FB}.Release|x86.Build.0 = Release|Any CPU
		{DFE2DE9A-2440-4D1C-A7FF-C3F00EDA51FB}.Debug|Any CPU.ActiveCfg = Debug|Any CPU
		{DFE2DE9A-2440-4D1C-A7FF-C3F00EDA51FB}.Debug|Any CPU.Build.0 = Debug|Any CPU
		{DFE2DE9A-2440-4D1C-A7FF-C3F00EDA51FB}.Debug|Mixed Platforms.ActiveCfg = Debug|Any CPU
		{DFE2DE9A-2440-4D1C-A7FF-C3F00EDA51FB}.Debug|Mixed Platforms.Build.0 = Debug|Any CPU
		{DFE2DE9A-2440-4D1C-A7FF-C3F00EDA51FB}.Debug|Win32.ActiveCfg = Debug|Any CPU
		{DFE2DE9A-2440-4D1C-A7FF-C3F00EDA51FB}.Debug|Win32.Build.0 = Debug|Any CPU
		{DFE2DE9A-2440-4D1C-A7FF-C3F00EDA51FB}.Debug|x64.ActiveCfg = Debug|Any CPU
		{DFE2DE9A-2440-4D1C-A7FF-C3F00EDA51FB}.Debug|x64.Build.0 = Debug|Any CPU
		{DFE2DE9A-2440-4D1C-A7FF-C3F00EDA51FB}.Debug|x86.ActiveCfg = Debug|Any CPU
		{DFE2DE9A-2440-4D1C-A7FF-C3F00EDA51FB}.Debug|x86.Build.0 = Debug|Any CPU
		{DFE2DE9A-2440-4D1C-A7FF-C3F00EDA51FB}.Release|Any CPU.ActiveCfg = Release|Any CPU
		{DFE2DE9A-2440-4D1C-A7FF-C3F00EDA51FB}.Release|Any CPU.Build.0 = Release|Any CPU
		{DFE2DE9A-2440-4D1C-A7FF-C3F00EDA51FB}.Release|Mixed Platforms.ActiveCfg = Release|Any CPU
		{DFE2DE9A-2440-4D1C-A7FF-C3F00EDA51FB}.Release|Mixed Platforms.Build.0 = Release|Any CPU
		{DFE2DE9A-2440-4D1C-A7FF-C3F00EDA51FB}.Release|Win32.ActiveCfg = Release|Any CPU
		{DFE2DE9A-2440-4D1C-A7FF-C3F00EDA51FB}.Release|Win32.Build.0 = Release|Any CPU
		{DFE2DE9A-2440-4D1C-A7FF-C3F00EDA51FB}.Release|x64.ActiveCfg = Release|Any CPU
		{DFE2DE9A-2440-4D1C-A7FF-C3F00EDA51FB}.Release|x64.Build.0 = Release|Any CPU
		{DFE2DE9A-2440-4D1C-A7FF-C3F00EDA51FB}.Release|x86.ActiveCfg = Release|Any CPU
		{DFE2DE9A-2440-4D1C-A7FF-C3F00EDA51FB}.Release|x86.Build.0 = Release|Any CPU
		{78963D19-F2E3-41D3-90B4-6F03AECF9C0B}.Debug|Any CPU.ActiveCfg = Debug|Any CPU
		{78963D19-F2E3-41D3-90B4-6F03AECF9C0B}.Debug|Any CPU.Build.0 = Debug|Any CPU
		{78963D19-F2E3-41D3-90B4-6F03AECF9C0B}.Debug|Mixed Platforms.ActiveCfg = Debug|Any CPU
		{78963D19-F2E3-41D3-90B4-6F03AECF9C0B}.Debug|Mixed Platforms.Build.0 = Debug|Any CPU
		{78963D19-F2E3-41D3-90B4-6F03AECF9C0B}.Debug|Win32.ActiveCfg = Debug|Any CPU
		{78963D19-F2E3-41D3-90B4-6F03AECF9C0B}.Debug|x64.ActiveCfg = Debug|Any CPU
		{78963D19-F2E3-41D3-90B4-6F03AECF9C0B}.Debug|x86.ActiveCfg = Debug|Any CPU
		{78963D19-F2E3-41D3-90B4-6F03AECF9C0B}.Release|Any CPU.ActiveCfg = Release|Any CPU
		{78963D19-F2E3-41D3-90B4-6F03AECF9C0B}.Release|Any CPU.Build.0 = Release|Any CPU
		{78963D19-F2E3-41D3-90B4-6F03AECF9C0B}.Release|Mixed Platforms.ActiveCfg = Release|Any CPU
		{78963D19-F2E3-41D3-90B4-6F03AECF9C0B}.Release|Mixed Platforms.Build.0 = Release|Any CPU
		{78963D19-F2E3-41D3-90B4-6F03AECF9C0B}.Release|Win32.ActiveCfg = Release|Any CPU
		{78963D19-F2E3-41D3-90B4-6F03AECF9C0B}.Release|x64.ActiveCfg = Release|Any CPU
		{78963D19-F2E3-41D3-90B4-6F03AECF9C0B}.Release|x86.ActiveCfg = Release|Any CPU
		{1ABBF21A-D8D4-4AE0-A3CA-F8BE3D11B84B}.Debug|Any CPU.ActiveCfg = Debug|Any CPU
		{1ABBF21A-D8D4-4AE0-A3CA-F8BE3D11B84B}.Debug|Any CPU.Build.0 = Debug|Any CPU
		{1ABBF21A-D8D4-4AE0-A3CA-F8BE3D11B84B}.Debug|Mixed Platforms.ActiveCfg = Debug|Any CPU
		{1ABBF21A-D8D4-4AE0-A3CA-F8BE3D11B84B}.Debug|Mixed Platforms.Build.0 = Debug|Any CPU
		{1ABBF21A-D8D4-4AE0-A3CA-F8BE3D11B84B}.Debug|Win32.ActiveCfg = Debug|Any CPU
		{1ABBF21A-D8D4-4AE0-A3CA-F8BE3D11B84B}.Debug|x64.ActiveCfg = Debug|Any CPU
		{1ABBF21A-D8D4-4AE0-A3CA-F8BE3D11B84B}.Debug|x86.ActiveCfg = Debug|Any CPU
		{1ABBF21A-D8D4-4AE0-A3CA-F8BE3D11B84B}.Release|Any CPU.ActiveCfg = Release|Any CPU
		{1ABBF21A-D8D4-4AE0-A3CA-F8BE3D11B84B}.Release|Any CPU.Build.0 = Release|Any CPU
		{1ABBF21A-D8D4-4AE0-A3CA-F8BE3D11B84B}.Release|Mixed Platforms.ActiveCfg = Release|Any CPU
		{1ABBF21A-D8D4-4AE0-A3CA-F8BE3D11B84B}.Release|Mixed Platforms.Build.0 = Release|Any CPU
		{1ABBF21A-D8D4-4AE0-A3CA-F8BE3D11B84B}.Release|Win32.ActiveCfg = Release|Any CPU
		{1ABBF21A-D8D4-4AE0-A3CA-F8BE3D11B84B}.Release|x64.ActiveCfg = Release|Any CPU
		{1ABBF21A-D8D4-4AE0-A3CA-F8BE3D11B84B}.Release|x86.ActiveCfg = Release|Any CPU
		{0E5C5770-930F-4247-98E1-7C5EB90287DD}.Debug|Any CPU.ActiveCfg = Debug|Any CPU
		{0E5C5770-930F-4247-98E1-7C5EB90287DD}.Debug|Any CPU.Build.0 = Debug|Any CPU
		{0E5C5770-930F-4247-98E1-7C5EB90287DD}.Debug|Mixed Platforms.ActiveCfg = Debug|Any CPU
		{0E5C5770-930F-4247-98E1-7C5EB90287DD}.Debug|Mixed Platforms.Build.0 = Debug|Any CPU
		{0E5C5770-930F-4247-98E1-7C5EB90287DD}.Debug|Win32.ActiveCfg = Debug|Any CPU
		{0E5C5770-930F-4247-98E1-7C5EB90287DD}.Debug|x64.ActiveCfg = Debug|Any CPU
		{0E5C5770-930F-4247-98E1-7C5EB90287DD}.Debug|x86.ActiveCfg = Debug|Any CPU
		{0E5C5770-930F-4247-98E1-7C5EB90287DD}.Release|Any CPU.ActiveCfg = Release|Any CPU
		{0E5C5770-930F-4247-98E1-7C5EB90287DD}.Release|Any CPU.Build.0 = Release|Any CPU
		{0E5C5770-930F-4247-98E1-7C5EB90287DD}.Release|Mixed Platforms.ActiveCfg = Release|Any CPU
		{0E5C5770-930F-4247-98E1-7C5EB90287DD}.Release|Mixed Platforms.Build.0 = Release|Any CPU
		{0E5C5770-930F-4247-98E1-7C5EB90287DD}.Release|Win32.ActiveCfg = Release|Any CPU
		{0E5C5770-930F-4247-98E1-7C5EB90287DD}.Release|x64.ActiveCfg = Release|Any CPU
		{0E5C5770-930F-4247-98E1-7C5EB90287DD}.Release|x86.ActiveCfg = Release|Any CPU
		{F46E4D5D-06D4-45CD-A440-9DFAF32C6AAB}.Debug|Any CPU.ActiveCfg = Debug|Any CPU
		{F46E4D5D-06D4-45CD-A440-9DFAF32C6AAB}.Debug|Any CPU.Build.0 = Debug|Any CPU
		{F46E4D5D-06D4-45CD-A440-9DFAF32C6AAB}.Debug|Mixed Platforms.ActiveCfg = Debug|Any CPU
		{F46E4D5D-06D4-45CD-A440-9DFAF32C6AAB}.Debug|Mixed Platforms.Build.0 = Debug|Any CPU
		{F46E4D5D-06D4-45CD-A440-9DFAF32C6AAB}.Debug|Win32.ActiveCfg = Debug|Any CPU
		{F46E4D5D-06D4-45CD-A440-9DFAF32C6AAB}.Debug|x64.ActiveCfg = Debug|Any CPU
		{F46E4D5D-06D4-45CD-A440-9DFAF32C6AAB}.Debug|x86.ActiveCfg = Debug|Any CPU
		{F46E4D5D-06D4-45CD-A440-9DFAF32C6AAB}.Release|Any CPU.ActiveCfg = Release|Any CPU
		{F46E4D5D-06D4-45CD-A440-9DFAF32C6AAB}.Release|Any CPU.Build.0 = Release|Any CPU
		{F46E4D5D-06D4-45CD-A440-9DFAF32C6AAB}.Release|Mixed Platforms.ActiveCfg = Release|Any CPU
		{F46E4D5D-06D4-45CD-A440-9DFAF32C6AAB}.Release|Mixed Platforms.Build.0 = Release|Any CPU
		{F46E4D5D-06D4-45CD-A440-9DFAF32C6AAB}.Release|Win32.ActiveCfg = Release|Any CPU
		{F46E4D5D-06D4-45CD-A440-9DFAF32C6AAB}.Release|x64.ActiveCfg = Release|Any CPU
		{F46E4D5D-06D4-45CD-A440-9DFAF32C6AAB}.Release|x86.ActiveCfg = Release|Any CPU
		{44FE6EAD-6A8F-44C9-942C-4175BD7CDF03}.Debug|Any CPU.ActiveCfg = Debug|Any CPU
		{44FE6EAD-6A8F-44C9-942C-4175BD7CDF03}.Debug|Any CPU.Build.0 = Debug|Any CPU
		{44FE6EAD-6A8F-44C9-942C-4175BD7CDF03}.Debug|Mixed Platforms.ActiveCfg = Debug|Any CPU
		{44FE6EAD-6A8F-44C9-942C-4175BD7CDF03}.Debug|Mixed Platforms.Build.0 = Debug|Any CPU
		{44FE6EAD-6A8F-44C9-942C-4175BD7CDF03}.Debug|Win32.ActiveCfg = Debug|Any CPU
		{44FE6EAD-6A8F-44C9-942C-4175BD7CDF03}.Debug|x64.ActiveCfg = Debug|Any CPU
		{44FE6EAD-6A8F-44C9-942C-4175BD7CDF03}.Debug|x86.ActiveCfg = Debug|Any CPU
		{44FE6EAD-6A8F-44C9-942C-4175BD7CDF03}.Release|Any CPU.ActiveCfg = Release|Any CPU
		{44FE6EAD-6A8F-44C9-942C-4175BD7CDF03}.Release|Any CPU.Build.0 = Release|Any CPU
		{44FE6EAD-6A8F-44C9-942C-4175BD7CDF03}.Release|Mixed Platforms.ActiveCfg = Release|Any CPU
		{44FE6EAD-6A8F-44C9-942C-4175BD7CDF03}.Release|Mixed Platforms.Build.0 = Release|Any CPU
		{44FE6EAD-6A8F-44C9-942C-4175BD7CDF03}.Release|Win32.ActiveCfg = Release|Any CPU
		{44FE6EAD-6A8F-44C9-942C-4175BD7CDF03}.Release|x64.ActiveCfg = Release|Any CPU
		{44FE6EAD-6A8F-44C9-942C-4175BD7CDF03}.Release|x86.ActiveCfg = Release|Any CPU
		{76DB894C-93AE-41AF-B0F7-7D853FEF3939}.Debug|Any CPU.ActiveCfg = Debug|Any CPU
		{76DB894C-93AE-41AF-B0F7-7D853FEF3939}.Debug|Any CPU.Build.0 = Debug|Any CPU
		{76DB894C-93AE-41AF-B0F7-7D853FEF3939}.Debug|Mixed Platforms.ActiveCfg = Debug|Any CPU
		{76DB894C-93AE-41AF-B0F7-7D853FEF3939}.Debug|Mixed Platforms.Build.0 = Debug|Any CPU
		{76DB894C-93AE-41AF-B0F7-7D853FEF3939}.Debug|Win32.ActiveCfg = Debug|Any CPU
		{76DB894C-93AE-41AF-B0F7-7D853FEF3939}.Debug|x64.ActiveCfg = Debug|Any CPU
		{76DB894C-93AE-41AF-B0F7-7D853FEF3939}.Debug|x86.ActiveCfg = Debug|Any CPU
		{76DB894C-93AE-41AF-B0F7-7D853FEF3939}.Release|Any CPU.ActiveCfg = Release|Any CPU
		{76DB894C-93AE-41AF-B0F7-7D853FEF3939}.Release|Any CPU.Build.0 = Release|Any CPU
		{76DB894C-93AE-41AF-B0F7-7D853FEF3939}.Release|Mixed Platforms.ActiveCfg = Release|Any CPU
		{76DB894C-93AE-41AF-B0F7-7D853FEF3939}.Release|Mixed Platforms.Build.0 = Release|Any CPU
		{76DB894C-93AE-41AF-B0F7-7D853FEF3939}.Release|Win32.ActiveCfg = Release|Any CPU
		{76DB894C-93AE-41AF-B0F7-7D853FEF3939}.Release|x64.ActiveCfg = Release|Any CPU
		{76DB894C-93AE-41AF-B0F7-7D853FEF3939}.Release|x86.ActiveCfg = Release|Any CPU
		{B66A0146-C088-441A-BB9F-09A14C89F530}.Debug|Any CPU.ActiveCfg = Debug|Any CPU
		{B66A0146-C088-441A-BB9F-09A14C89F530}.Debug|Any CPU.Build.0 = Debug|Any CPU
		{B66A0146-C088-441A-BB9F-09A14C89F530}.Debug|Mixed Platforms.ActiveCfg = Debug|Any CPU
		{B66A0146-C088-441A-BB9F-09A14C89F530}.Debug|Mixed Platforms.Build.0 = Debug|Any CPU
		{B66A0146-C088-441A-BB9F-09A14C89F530}.Debug|Win32.ActiveCfg = Debug|Any CPU
		{B66A0146-C088-441A-BB9F-09A14C89F530}.Debug|x64.ActiveCfg = Debug|Any CPU
		{B66A0146-C088-441A-BB9F-09A14C89F530}.Debug|x86.ActiveCfg = Debug|Any CPU
		{B66A0146-C088-441A-BB9F-09A14C89F530}.Release|Any CPU.ActiveCfg = Release|Any CPU
		{B66A0146-C088-441A-BB9F-09A14C89F530}.Release|Any CPU.Build.0 = Release|Any CPU
		{B66A0146-C088-441A-BB9F-09A14C89F530}.Release|Mixed Platforms.ActiveCfg = Release|Any CPU
		{B66A0146-C088-441A-BB9F-09A14C89F530}.Release|Mixed Platforms.Build.0 = Release|Any CPU
		{B66A0146-C088-441A-BB9F-09A14C89F530}.Release|Win32.ActiveCfg = Release|Any CPU
		{B66A0146-C088-441A-BB9F-09A14C89F530}.Release|x64.ActiveCfg = Release|Any CPU
		{B66A0146-C088-441A-BB9F-09A14C89F530}.Release|x86.ActiveCfg = Release|Any CPU
		{62092D57-280B-4CDA-990F-ECC3E678695F}.Debug|Any CPU.ActiveCfg = Debug|Any CPU
		{62092D57-280B-4CDA-990F-ECC3E678695F}.Debug|Any CPU.Build.0 = Debug|Any CPU
		{62092D57-280B-4CDA-990F-ECC3E678695F}.Debug|Mixed Platforms.ActiveCfg = Debug|Any CPU
		{62092D57-280B-4CDA-990F-ECC3E678695F}.Debug|Mixed Platforms.Build.0 = Debug|Any CPU
		{62092D57-280B-4CDA-990F-ECC3E678695F}.Debug|Win32.ActiveCfg = Debug|Any CPU
		{62092D57-280B-4CDA-990F-ECC3E678695F}.Debug|x64.ActiveCfg = Debug|Any CPU
		{62092D57-280B-4CDA-990F-ECC3E678695F}.Debug|x86.ActiveCfg = Debug|Any CPU
		{62092D57-280B-4CDA-990F-ECC3E678695F}.Release|Any CPU.ActiveCfg = Release|Any CPU
		{62092D57-280B-4CDA-990F-ECC3E678695F}.Release|Any CPU.Build.0 = Release|Any CPU
		{62092D57-280B-4CDA-990F-ECC3E678695F}.Release|Mixed Platforms.ActiveCfg = Release|Any CPU
		{62092D57-280B-4CDA-990F-ECC3E678695F}.Release|Mixed Platforms.Build.0 = Release|Any CPU
		{62092D57-280B-4CDA-990F-ECC3E678695F}.Release|Win32.ActiveCfg = Release|Any CPU
		{62092D57-280B-4CDA-990F-ECC3E678695F}.Release|x64.ActiveCfg = Release|Any CPU
		{62092D57-280B-4CDA-990F-ECC3E678695F}.Release|x86.ActiveCfg = Release|Any CPU
		{F1145067-6917-43EA-B108-458F96F87496}.Debug|Any CPU.ActiveCfg = Debug|Win32
		{F1145067-6917-43EA-B108-458F96F87496}.Debug|Mixed Platforms.ActiveCfg = Debug|Win32
		{F1145067-6917-43EA-B108-458F96F87496}.Debug|Mixed Platforms.Build.0 = Debug|Win32
		{F1145067-6917-43EA-B108-458F96F87496}.Debug|Win32.ActiveCfg = Debug|Win32
		{F1145067-6917-43EA-B108-458F96F87496}.Debug|Win32.Build.0 = Debug|Win32
		{F1145067-6917-43EA-B108-458F96F87496}.Debug|x64.ActiveCfg = Debug|x64
		{F1145067-6917-43EA-B108-458F96F87496}.Debug|x64.Build.0 = Debug|x64
		{F1145067-6917-43EA-B108-458F96F87496}.Debug|x86.ActiveCfg = Debug|Win32
		{F1145067-6917-43EA-B108-458F96F87496}.Debug|x86.Build.0 = Debug|Win32
		{F1145067-6917-43EA-B108-458F96F87496}.Release|Any CPU.ActiveCfg = Release|Win32
		{F1145067-6917-43EA-B108-458F96F87496}.Release|Mixed Platforms.ActiveCfg = Release|Win32
		{F1145067-6917-43EA-B108-458F96F87496}.Release|Mixed Platforms.Build.0 = Release|Win32
		{F1145067-6917-43EA-B108-458F96F87496}.Release|Win32.ActiveCfg = Release|Win32
		{F1145067-6917-43EA-B108-458F96F87496}.Release|Win32.Build.0 = Release|Win32
		{F1145067-6917-43EA-B108-458F96F87496}.Release|x64.ActiveCfg = Release|x64
		{F1145067-6917-43EA-B108-458F96F87496}.Release|x64.Build.0 = Release|x64
		{F1145067-6917-43EA-B108-458F96F87496}.Release|x86.ActiveCfg = Release|Win32
		{F1145067-6917-43EA-B108-458F96F87496}.Release|x86.Build.0 = Release|Win32
		{B949184E-1E88-4A23-BD0B-E27DE2201D49}.Debug|Any CPU.ActiveCfg = Debug|Any CPU
		{B949184E-1E88-4A23-BD0B-E27DE2201D49}.Debug|Any CPU.Build.0 = Debug|Any CPU
		{B949184E-1E88-4A23-BD0B-E27DE2201D49}.Debug|Mixed Platforms.ActiveCfg = Debug|Any CPU
		{B949184E-1E88-4A23-BD0B-E27DE2201D49}.Debug|Mixed Platforms.Build.0 = Debug|Any CPU
		{B949184E-1E88-4A23-BD0B-E27DE2201D49}.Debug|Win32.ActiveCfg = Debug|Any CPU
		{B949184E-1E88-4A23-BD0B-E27DE2201D49}.Debug|x64.ActiveCfg = Debug|Any CPU
		{B949184E-1E88-4A23-BD0B-E27DE2201D49}.Debug|x86.ActiveCfg = Debug|Any CPU
		{B949184E-1E88-4A23-BD0B-E27DE2201D49}.Release|Any CPU.ActiveCfg = Release|Any CPU
		{B949184E-1E88-4A23-BD0B-E27DE2201D49}.Release|Any CPU.Build.0 = Release|Any CPU
		{B949184E-1E88-4A23-BD0B-E27DE2201D49}.Release|Mixed Platforms.ActiveCfg = Release|Any CPU
		{B949184E-1E88-4A23-BD0B-E27DE2201D49}.Release|Mixed Platforms.Build.0 = Release|Any CPU
		{B949184E-1E88-4A23-BD0B-E27DE2201D49}.Release|Win32.ActiveCfg = Release|Any CPU
		{B949184E-1E88-4A23-BD0B-E27DE2201D49}.Release|x64.ActiveCfg = Release|Any CPU
		{B949184E-1E88-4A23-BD0B-E27DE2201D49}.Release|x86.ActiveCfg = Release|Any CPU
		{69F2865D-0A0C-4DD8-85EF-9B4504FE8A99}.Debug|Any CPU.ActiveCfg = Debug|Any CPU
		{69F2865D-0A0C-4DD8-85EF-9B4504FE8A99}.Debug|Any CPU.Build.0 = Debug|Any CPU
		{69F2865D-0A0C-4DD8-85EF-9B4504FE8A99}.Debug|Mixed Platforms.ActiveCfg = Debug|Any CPU
		{69F2865D-0A0C-4DD8-85EF-9B4504FE8A99}.Debug|Mixed Platforms.Build.0 = Debug|Any CPU
		{69F2865D-0A0C-4DD8-85EF-9B4504FE8A99}.Debug|Win32.ActiveCfg = Debug|Any CPU
		{69F2865D-0A0C-4DD8-85EF-9B4504FE8A99}.Debug|x64.ActiveCfg = Debug|Any CPU
		{69F2865D-0A0C-4DD8-85EF-9B4504FE8A99}.Debug|x86.ActiveCfg = Debug|Any CPU
		{69F2865D-0A0C-4DD8-85EF-9B4504FE8A99}.Release|Any CPU.ActiveCfg = Release|Any CPU
		{69F2865D-0A0C-4DD8-85EF-9B4504FE8A99}.Release|Any CPU.Build.0 = Release|Any CPU
		{69F2865D-0A0C-4DD8-85EF-9B4504FE8A99}.Release|Mixed Platforms.ActiveCfg = Release|Any CPU
		{69F2865D-0A0C-4DD8-85EF-9B4504FE8A99}.Release|Mixed Platforms.Build.0 = Release|Any CPU
		{69F2865D-0A0C-4DD8-85EF-9B4504FE8A99}.Release|Win32.ActiveCfg = Release|Any CPU
		{69F2865D-0A0C-4DD8-85EF-9B4504FE8A99}.Release|x64.ActiveCfg = Release|Any CPU
		{69F2865D-0A0C-4DD8-85EF-9B4504FE8A99}.Release|x86.ActiveCfg = Release|Any CPU
		{ADD340B4-890A-4181-B6C2-4E5B60AB2D31}.Debug|Any CPU.ActiveCfg = Debug|Win32
		{ADD340B4-890A-4181-B6C2-4E5B60AB2D31}.Debug|Mixed Platforms.ActiveCfg = Debug|Win32
		{ADD340B4-890A-4181-B6C2-4E5B60AB2D31}.Debug|Mixed Platforms.Build.0 = Debug|Win32
		{ADD340B4-890A-4181-B6C2-4E5B60AB2D31}.Debug|Win32.ActiveCfg = Debug|Win32
		{ADD340B4-890A-4181-B6C2-4E5B60AB2D31}.Debug|Win32.Build.0 = Debug|Win32
		{ADD340B4-890A-4181-B6C2-4E5B60AB2D31}.Debug|x64.ActiveCfg = Debug|Win32
		{ADD340B4-890A-4181-B6C2-4E5B60AB2D31}.Debug|x86.ActiveCfg = Debug|Win32
		{ADD340B4-890A-4181-B6C2-4E5B60AB2D31}.Debug|x86.Build.0 = Debug|Win32
		{ADD340B4-890A-4181-B6C2-4E5B60AB2D31}.Release|Any CPU.ActiveCfg = Release|Win32
		{ADD340B4-890A-4181-B6C2-4E5B60AB2D31}.Release|Mixed Platforms.ActiveCfg = Release|Win32
		{ADD340B4-890A-4181-B6C2-4E5B60AB2D31}.Release|Mixed Platforms.Build.0 = Release|Win32
		{ADD340B4-890A-4181-B6C2-4E5B60AB2D31}.Release|Win32.ActiveCfg = Release|Win32
		{ADD340B4-890A-4181-B6C2-4E5B60AB2D31}.Release|Win32.Build.0 = Release|Win32
		{ADD340B4-890A-4181-B6C2-4E5B60AB2D31}.Release|x64.ActiveCfg = Release|Win32
		{ADD340B4-890A-4181-B6C2-4E5B60AB2D31}.Release|x86.ActiveCfg = Release|Win32
		{ADD340B4-890A-4181-B6C2-4E5B60AB2D31}.Release|x86.Build.0 = Release|Win32
		{0A2370FE-CBB5-4240-BA08-BC8E09AB660A}.Debug|Any CPU.ActiveCfg = Debug|Any CPU
		{0A2370FE-CBB5-4240-BA08-BC8E09AB660A}.Debug|Any CPU.Build.0 = Debug|Any CPU
		{0A2370FE-CBB5-4240-BA08-BC8E09AB660A}.Debug|Mixed Platforms.ActiveCfg = Debug|Any CPU
		{0A2370FE-CBB5-4240-BA08-BC8E09AB660A}.Debug|Mixed Platforms.Build.0 = Debug|Any CPU
		{0A2370FE-CBB5-4240-BA08-BC8E09AB660A}.Debug|Win32.ActiveCfg = Debug|Any CPU
		{0A2370FE-CBB5-4240-BA08-BC8E09AB660A}.Debug|x64.ActiveCfg = Debug|Any CPU
		{0A2370FE-CBB5-4240-BA08-BC8E09AB660A}.Debug|x86.ActiveCfg = Debug|Any CPU
		{0A2370FE-CBB5-4240-BA08-BC8E09AB660A}.Release|Any CPU.ActiveCfg = Release|Any CPU
		{0A2370FE-CBB5-4240-BA08-BC8E09AB660A}.Release|Any CPU.Build.0 = Release|Any CPU
		{0A2370FE-CBB5-4240-BA08-BC8E09AB660A}.Release|Mixed Platforms.ActiveCfg = Release|Any CPU
		{0A2370FE-CBB5-4240-BA08-BC8E09AB660A}.Release|Mixed Platforms.Build.0 = Release|Any CPU
		{0A2370FE-CBB5-4240-BA08-BC8E09AB660A}.Release|Win32.ActiveCfg = Release|Any CPU
		{0A2370FE-CBB5-4240-BA08-BC8E09AB660A}.Release|x64.ActiveCfg = Release|Any CPU
		{0A2370FE-CBB5-4240-BA08-BC8E09AB660A}.Release|x86.ActiveCfg = Release|Any CPU
		{CE5C942E-7369-40F2-B21E-014D489048CE}.Debug|Any CPU.ActiveCfg = Debug|Any CPU
		{CE5C942E-7369-40F2-B21E-014D489048CE}.Debug|Any CPU.Build.0 = Debug|Any CPU
		{CE5C942E-7369-40F2-B21E-014D489048CE}.Debug|Mixed Platforms.ActiveCfg = Debug|Any CPU
		{CE5C942E-7369-40F2-B21E-014D489048CE}.Debug|Mixed Platforms.Build.0 = Debug|Any CPU
		{CE5C942E-7369-40F2-B21E-014D489048CE}.Debug|Win32.ActiveCfg = Debug|Any CPU
		{CE5C942E-7369-40F2-B21E-014D489048CE}.Debug|x64.ActiveCfg = Debug|Any CPU
		{CE5C942E-7369-40F2-B21E-014D489048CE}.Debug|x86.ActiveCfg = Debug|Any CPU
		{CE5C942E-7369-40F2-B21E-014D489048CE}.Release|Any CPU.ActiveCfg = Release|Any CPU
		{CE5C942E-7369-40F2-B21E-014D489048CE}.Release|Any CPU.Build.0 = Release|Any CPU
		{CE5C942E-7369-40F2-B21E-014D489048CE}.Release|Mixed Platforms.ActiveCfg = Release|Any CPU
		{CE5C942E-7369-40F2-B21E-014D489048CE}.Release|Mixed Platforms.Build.0 = Release|Any CPU
		{CE5C942E-7369-40F2-B21E-014D489048CE}.Release|Win32.ActiveCfg = Release|Any CPU
		{CE5C942E-7369-40F2-B21E-014D489048CE}.Release|x64.ActiveCfg = Release|Any CPU
		{CE5C942E-7369-40F2-B21E-014D489048CE}.Release|x86.ActiveCfg = Release|Any CPU
		{B8E78849-B4A8-4903-8525-D1CDC12B6C77}.Debug|Any CPU.ActiveCfg = Debug|Any CPU
		{B8E78849-B4A8-4903-8525-D1CDC12B6C77}.Debug|Any CPU.Build.0 = Debug|Any CPU
		{B8E78849-B4A8-4903-8525-D1CDC12B6C77}.Debug|Mixed Platforms.ActiveCfg = Debug|Any CPU
		{B8E78849-B4A8-4903-8525-D1CDC12B6C77}.Debug|Mixed Platforms.Build.0 = Debug|Any CPU
		{B8E78849-B4A8-4903-8525-D1CDC12B6C77}.Debug|Win32.ActiveCfg = Debug|Any CPU
		{B8E78849-B4A8-4903-8525-D1CDC12B6C77}.Debug|x64.ActiveCfg = Debug|Any CPU
		{B8E78849-B4A8-4903-8525-D1CDC12B6C77}.Debug|x86.ActiveCfg = Debug|Any CPU
		{B8E78849-B4A8-4903-8525-D1CDC12B6C77}.Release|Any CPU.ActiveCfg = Release|Any CPU
		{B8E78849-B4A8-4903-8525-D1CDC12B6C77}.Release|Any CPU.Build.0 = Release|Any CPU
		{B8E78849-B4A8-4903-8525-D1CDC12B6C77}.Release|Mixed Platforms.ActiveCfg = Release|Any CPU
		{B8E78849-B4A8-4903-8525-D1CDC12B6C77}.Release|Mixed Platforms.Build.0 = Release|Any CPU
		{B8E78849-B4A8-4903-8525-D1CDC12B6C77}.Release|Win32.ActiveCfg = Release|Any CPU
		{B8E78849-B4A8-4903-8525-D1CDC12B6C77}.Release|x64.ActiveCfg = Release|Any CPU
		{B8E78849-B4A8-4903-8525-D1CDC12B6C77}.Release|x86.ActiveCfg = Release|Any CPU
	EndGlobalSection
	GlobalSection(SolutionProperties) = preSolution
		HideSolutionNode = FALSE
	EndGlobalSection
EndGlobal
