
Microsoft Visual Studio Solution File, Format Version 12.00
# Visual Studio 2013
VisualStudioVersion = 12.0.30501.0
MinimumVisualStudioVersion = 10.0.40219.1
Project("{FAE04EC0-301F-11D3-BF4B-00C04F79EFBC}") = "Tests", "Tests\Tests.csproj", "{35412F25-A1C7-4FE0-B7AF-F21A128D05FB}"
EndProject
Project("{FAE04EC0-301F-11D3-BF4B-00C04F79EFBC}") = "Controller", "Controller\Controller.csproj", "{DFE2DE9A-2440-4D1C-A7FF-C3F00EDA51FB}"
EndProject
Project("{FAE04EC0-301F-11D3-BF4B-00C04F79EFBC}") = "Node", "Node\Node.csproj", "{78963D19-F2E3-41D3-90B4-6F03AECF9C0B}"
EndProject
Project("{FAE04EC0-301F-11D3-BF4B-00C04F79EFBC}") = "Common", "Common\Common.csproj", "{1ABBF21A-D8D4-4AE0-A3CA-F8BE3D11B84B}"
EndProject
Project("{FAE04EC0-301F-11D3-BF4B-00C04F79EFBC}") = "PsoService", "PsoService\PsoService.csproj", "{0E5C5770-930F-4247-98E1-7C5EB90287DD}"
EndProject
Project("{8BC9CEB8-8B4A-11D0-8D11-00A0C91BC942}") = "CppUtils", "CppUtils\CppUtils.vcxproj", "{040C4F8D-BF86-4572-9A8B-BBAE940FD22E}"
EndProject
Project("{FAE04EC0-301F-11D3-BF4B-00C04F79EFBC}") = "NetworkManager", "NetworkManager\NetworkManager.csproj", "{F46E4D5D-06D4-45CD-A440-9DFAF32C6AAB}"
EndProject
Project("{8BC9CEB8-8B4A-11D0-8D11-00A0C91BC942}") = "CudaPso", "CudaPso\CudaPso.vcxproj", "{79A1E516-D418-40EB-9337-3E55B45FF945}"
EndProject
Project("{FAE04EC0-301F-11D3-BF4B-00C04F79EFBC}") = "UserInterface", "UserInterface\UserInterface.csproj", "{44FE6EAD-6A8F-44C9-942C-4175BD7CDF03}"
EndProject
Project("{2150E333-8FDC-42A3-9474-1A3956D46DE8}") = "ParameterFiles", "ParameterFiles", "{12BFD9CF-2FD2-4A2E-91E0-418587495468}"
	ProjectSection(SolutionItems) = preProject
		f.txt = f.txt
		n.txt = n.txt
		p.txt = p.txt
	EndProjectSection
EndProject
Project("{8BC9CEB8-8B4A-11D0-8D11-00A0C91BC942}") = "Wrapper", "Wrapper\Wrapper.vcxproj", "{5A383EB5-E20F-4645-9365-32E97F4FDFBD}"
EndProject
Project("{FAE04EC0-301F-11D3-BF4B-00C04F79EFBC}") = "ClusterTest", "ClusterTest\ClusterTest.csproj", "{7E6540EE-14FB-4C13-9092-48F69AE12BBC}"
EndProject
Global
	GlobalSection(SolutionConfigurationPlatforms) = preSolution
		Debug|Any CPU = Debug|Any CPU
		Debug|Mixed Platforms = Debug|Mixed Platforms
		Debug|Win32 = Debug|Win32
		Debug|x64 = Debug|x64
		Debug|x86 = Debug|x86
		Release|Any CPU = Release|Any CPU
		Release|Mixed Platforms = Release|Mixed Platforms
		Release|Win32 = Release|Win32
		Release|x64 = Release|x64
		Release|x86 = Release|x86
	EndGlobalSection
	GlobalSection(ProjectConfigurationPlatforms) = postSolution
		{35412F25-A1C7-4FE0-B7AF-F21A128D05FB}.Debug|Any CPU.ActiveCfg = Debug|Any CPU
		{35412F25-A1C7-4FE0-B7AF-F21A128D05FB}.Debug|Any CPU.Build.0 = Debug|Any CPU
		{35412F25-A1C7-4FE0-B7AF-F21A128D05FB}.Debug|Mixed Platforms.ActiveCfg = Debug|Any CPU
		{35412F25-A1C7-4FE0-B7AF-F21A128D05FB}.Debug|Mixed Platforms.Build.0 = Debug|Any CPU
		{35412F25-A1C7-4FE0-B7AF-F21A128D05FB}.Debug|Win32.ActiveCfg = Debug|Any CPU
		{35412F25-A1C7-4FE0-B7AF-F21A128D05FB}.Debug|Win32.Build.0 = Debug|Any CPU
		{35412F25-A1C7-4FE0-B7AF-F21A128D05FB}.Debug|x64.ActiveCfg = Debug|Any CPU
		{35412F25-A1C7-4FE0-B7AF-F21A128D05FB}.Debug|x64.Build.0 = Debug|Any CPU
		{35412F25-A1C7-4FE0-B7AF-F21A128D05FB}.Debug|x86.ActiveCfg = Debug|Any CPU
		{35412F25-A1C7-4FE0-B7AF-F21A128D05FB}.Debug|x86.Build.0 = Debug|Any CPU
		{35412F25-A1C7-4FE0-B7AF-F21A128D05FB}.Release|Any CPU.ActiveCfg = Release|Any CPU
		{35412F25-A1C7-4FE0-B7AF-F21A128D05FB}.Release|Any CPU.Build.0 = Release|Any CPU
		{35412F25-A1C7-4FE0-B7AF-F21A128D05FB}.Release|Mixed Platforms.ActiveCfg = Release|Any CPU
		{35412F25-A1C7-4FE0-B7AF-F21A128D05FB}.Release|Mixed Platforms.Build.0 = Release|Any CPU
		{35412F25-A1C7-4FE0-B7AF-F21A128D05FB}.Release|Win32.ActiveCfg = Release|Any CPU
		{35412F25-A1C7-4FE0-B7AF-F21A128D05FB}.Release|Win32.Build.0 = Release|Any CPU
		{35412F25-A1C7-4FE0-B7AF-F21A128D05FB}.Release|x64.ActiveCfg = Release|Any CPU
		{35412F25-A1C7-4FE0-B7AF-F21A128D05FB}.Release|x64.Build.0 = Release|Any CPU
		{35412F25-A1C7-4FE0-B7AF-F21A128D05FB}.Release|x86.ActiveCfg = Release|Any CPU
		{35412F25-A1C7-4FE0-B7AF-F21A128D05FB}.Release|x86.Build.0 = Release|Any CPU
		{DFE2DE9A-2440-4D1C-A7FF-C3F00EDA51FB}.Debug|Any CPU.ActiveCfg = Debug|Any CPU
		{DFE2DE9A-2440-4D1C-A7FF-C3F00EDA51FB}.Debug|Any CPU.Build.0 = Debug|Any CPU
		{DFE2DE9A-2440-4D1C-A7FF-C3F00EDA51FB}.Debug|Mixed Platforms.ActiveCfg = Debug|Any CPU
		{DFE2DE9A-2440-4D1C-A7FF-C3F00EDA51FB}.Debug|Mixed Platforms.Build.0 = Debug|Any CPU
		{DFE2DE9A-2440-4D1C-A7FF-C3F00EDA51FB}.Debug|Win32.ActiveCfg = Debug|Any CPU
		{DFE2DE9A-2440-4D1C-A7FF-C3F00EDA51FB}.Debug|Win32.Build.0 = Debug|Any CPU
		{DFE2DE9A-2440-4D1C-A7FF-C3F00EDA51FB}.Debug|x64.ActiveCfg = Debug|Any CPU
		{DFE2DE9A-2440-4D1C-A7FF-C3F00EDA51FB}.Debug|x64.Build.0 = Debug|Any CPU
		{DFE2DE9A-2440-4D1C-A7FF-C3F00EDA51FB}.Debug|x86.ActiveCfg = Debug|Any CPU
		{DFE2DE9A-2440-4D1C-A7FF-C3F00EDA51FB}.Debug|x86.Build.0 = Debug|Any CPU
		{DFE2DE9A-2440-4D1C-A7FF-C3F00EDA51FB}.Release|Any CPU.ActiveCfg = Release|Any CPU
		{DFE2DE9A-2440-4D1C-A7FF-C3F00EDA51FB}.Release|Any CPU.Build.0 = Release|Any CPU
		{DFE2DE9A-2440-4D1C-A7FF-C3F00EDA51FB}.Release|Mixed Platforms.ActiveCfg = Release|Any CPU
		{DFE2DE9A-2440-4D1C-A7FF-C3F00EDA51FB}.Release|Mixed Platforms.Build.0 = Release|Any CPU
		{DFE2DE9A-2440-4D1C-A7FF-C3F00EDA51FB}.Release|Win32.ActiveCfg = Release|Any CPU
		{DFE2DE9A-2440-4D1C-A7FF-C3F00EDA51FB}.Release|Win32.Build.0 = Release|Any CPU
		{DFE2DE9A-2440-4D1C-A7FF-C3F00EDA51FB}.Release|x64.ActiveCfg = Release|Any CPU
		{DFE2DE9A-2440-4D1C-A7FF-C3F00EDA51FB}.Release|x64.Build.0 = Release|Any CPU
		{DFE2DE9A-2440-4D1C-A7FF-C3F00EDA51FB}.Release|x86.ActiveCfg = Release|Any CPU
		{DFE2DE9A-2440-4D1C-A7FF-C3F00EDA51FB}.Release|x86.Build.0 = Release|Any CPU
		{78963D19-F2E3-41D3-90B4-6F03AECF9C0B}.Debug|Any CPU.ActiveCfg = Debug|Any CPU
		{78963D19-F2E3-41D3-90B4-6F03AECF9C0B}.Debug|Any CPU.Build.0 = Debug|Any CPU
		{78963D19-F2E3-41D3-90B4-6F03AECF9C0B}.Debug|Mixed Platforms.ActiveCfg = Debug|Any CPU
		{78963D19-F2E3-41D3-90B4-6F03AECF9C0B}.Debug|Mixed Platforms.Build.0 = Debug|Any CPU
		{78963D19-F2E3-41D3-90B4-6F03AECF9C0B}.Debug|Win32.ActiveCfg = Debug|Any CPU
		{78963D19-F2E3-41D3-90B4-6F03AECF9C0B}.Debug|x64.ActiveCfg = Debug|Any CPU
		{78963D19-F2E3-41D3-90B4-6F03AECF9C0B}.Debug|x86.ActiveCfg = Debug|Any CPU
		{78963D19-F2E3-41D3-90B4-6F03AECF9C0B}.Release|Any CPU.ActiveCfg = Release|Any CPU
		{78963D19-F2E3-41D3-90B4-6F03AECF9C0B}.Release|Any CPU.Build.0 = Release|Any CPU
		{78963D19-F2E3-41D3-90B4-6F03AECF9C0B}.Release|Mixed Platforms.ActiveCfg = Release|Any CPU
		{78963D19-F2E3-41D3-90B4-6F03AECF9C0B}.Release|Mixed Platforms.Build.0 = Release|Any CPU
		{78963D19-F2E3-41D3-90B4-6F03AECF9C0B}.Release|Win32.ActiveCfg = Release|Any CPU
		{78963D19-F2E3-41D3-90B4-6F03AECF9C0B}.Release|x64.ActiveCfg = Release|Any CPU
		{78963D19-F2E3-41D3-90B4-6F03AECF9C0B}.Release|x86.ActiveCfg = Release|Any CPU
		{1ABBF21A-D8D4-4AE0-A3CA-F8BE3D11B84B}.Debug|Any CPU.ActiveCfg = Debug|Any CPU
		{1ABBF21A-D8D4-4AE0-A3CA-F8BE3D11B84B}.Debug|Any CPU.Build.0 = Debug|Any CPU
		{1ABBF21A-D8D4-4AE0-A3CA-F8BE3D11B84B}.Debug|Mixed Platforms.ActiveCfg = Debug|Any CPU
		{1ABBF21A-D8D4-4AE0-A3CA-F8BE3D11B84B}.Debug|Mixed Platforms.Build.0 = Debug|Any CPU
		{1ABBF21A-D8D4-4AE0-A3CA-F8BE3D11B84B}.Debug|Win32.ActiveCfg = Debug|Any CPU
		{1ABBF21A-D8D4-4AE0-A3CA-F8BE3D11B84B}.Debug|x64.ActiveCfg = Debug|Any CPU
		{1ABBF21A-D8D4-4AE0-A3CA-F8BE3D11B84B}.Debug|x86.ActiveCfg = Debug|Any CPU
		{1ABBF21A-D8D4-4AE0-A3CA-F8BE3D11B84B}.Release|Any CPU.ActiveCfg = Release|Any CPU
		{1ABBF21A-D8D4-4AE0-A3CA-F8BE3D11B84B}.Release|Any CPU.Build.0 = Release|Any CPU
		{1ABBF21A-D8D4-4AE0-A3CA-F8BE3D11B84B}.Release|Mixed Platforms.ActiveCfg = Release|Any CPU
		{1ABBF21A-D8D4-4AE0-A3CA-F8BE3D11B84B}.Release|Mixed Platforms.Build.0 = Release|Any CPU
		{1ABBF21A-D8D4-4AE0-A3CA-F8BE3D11B84B}.Release|Win32.ActiveCfg = Release|Any CPU
		{1ABBF21A-D8D4-4AE0-A3CA-F8BE3D11B84B}.Release|x64.ActiveCfg = Release|Any CPU
		{1ABBF21A-D8D4-4AE0-A3CA-F8BE3D11B84B}.Release|x86.ActiveCfg = Release|Any CPU
		{0E5C5770-930F-4247-98E1-7C5EB90287DD}.Debug|Any CPU.ActiveCfg = Debug|Any CPU
		{0E5C5770-930F-4247-98E1-7C5EB90287DD}.Debug|Any CPU.Build.0 = Debug|Any CPU
		{0E5C5770-930F-4247-98E1-7C5EB90287DD}.Debug|Mixed Platforms.ActiveCfg = Debug|Any CPU
		{0E5C5770-930F-4247-98E1-7C5EB90287DD}.Debug|Mixed Platforms.Build.0 = Debug|Any CPU
		{0E5C5770-930F-4247-98E1-7C5EB90287DD}.Debug|Win32.ActiveCfg = Debug|Any CPU
		{0E5C5770-930F-4247-98E1-7C5EB90287DD}.Debug|x64.ActiveCfg = Debug|Any CPU
		{0E5C5770-930F-4247-98E1-7C5EB90287DD}.Debug|x86.ActiveCfg = Debug|Any CPU
		{0E5C5770-930F-4247-98E1-7C5EB90287DD}.Release|Any CPU.ActiveCfg = Release|Any CPU
		{0E5C5770-930F-4247-98E1-7C5EB90287DD}.Release|Any CPU.Build.0 = Release|Any CPU
		{0E5C5770-930F-4247-98E1-7C5EB90287DD}.Release|Mixed Platforms.ActiveCfg = Release|Any CPU
		{0E5C5770-930F-4247-98E1-7C5EB90287DD}.Release|Mixed Platforms.Build.0 = Release|Any CPU
		{0E5C5770-930F-4247-98E1-7C5EB90287DD}.Release|Win32.ActiveCfg = Release|Any CPU
		{0E5C5770-930F-4247-98E1-7C5EB90287DD}.Release|x64.ActiveCfg = Release|Any CPU
		{0E5C5770-930F-4247-98E1-7C5EB90287DD}.Release|x86.ActiveCfg = Release|Any CPU
		{040C4F8D-BF86-4572-9A8B-BBAE940FD22E}.Debug|Any CPU.ActiveCfg = Debug|Win32
		{040C4F8D-BF86-4572-9A8B-BBAE940FD22E}.Debug|Mixed Platforms.ActiveCfg = Debug|Win32
		{040C4F8D-BF86-4572-9A8B-BBAE940FD22E}.Debug|Mixed Platforms.Build.0 = Debug|Win32
		{040C4F8D-BF86-4572-9A8B-BBAE940FD22E}.Debug|Win32.ActiveCfg = Debug|Win32
		{040C4F8D-BF86-4572-9A8B-BBAE940FD22E}.Debug|Win32.Build.0 = Debug|Win32
		{040C4F8D-BF86-4572-9A8B-BBAE940FD22E}.Debug|x64.ActiveCfg = Debug|Win32
		{040C4F8D-BF86-4572-9A8B-BBAE940FD22E}.Debug|x86.ActiveCfg = Debug|Win32
		{040C4F8D-BF86-4572-9A8B-BBAE940FD22E}.Debug|x86.Build.0 = Debug|Win32
		{040C4F8D-BF86-4572-9A8B-BBAE940FD22E}.Release|Any CPU.ActiveCfg = Release|Win32
		{040C4F8D-BF86-4572-9A8B-BBAE940FD22E}.Release|Mixed Platforms.ActiveCfg = Release|Win32
		{040C4F8D-BF86-4572-9A8B-BBAE940FD22E}.Release|Mixed Platforms.Build.0 = Release|Win32
		{040C4F8D-BF86-4572-9A8B-BBAE940FD22E}.Release|Win32.ActiveCfg = Release|Win32
		{040C4F8D-BF86-4572-9A8B-BBAE940FD22E}.Release|Win32.Build.0 = Release|Win32
		{040C4F8D-BF86-4572-9A8B-BBAE940FD22E}.Release|x64.ActiveCfg = Release|Win32
		{040C4F8D-BF86-4572-9A8B-BBAE940FD22E}.Release|x86.ActiveCfg = Release|Win32
		{040C4F8D-BF86-4572-9A8B-BBAE940FD22E}.Release|x86.Build.0 = Release|Win32
		{F46E4D5D-06D4-45CD-A440-9DFAF32C6AAB}.Debug|Any CPU.ActiveCfg = Debug|Any CPU
		{F46E4D5D-06D4-45CD-A440-9DFAF32C6AAB}.Debug|Any CPU.Build.0 = Debug|Any CPU
		{F46E4D5D-06D4-45CD-A440-9DFAF32C6AAB}.Debug|Mixed Platforms.ActiveCfg = Debug|Any CPU
		{F46E4D5D-06D4-45CD-A440-9DFAF32C6AAB}.Debug|Mixed Platforms.Build.0 = Debug|Any CPU
		{F46E4D5D-06D4-45CD-A440-9DFAF32C6AAB}.Debug|Win32.ActiveCfg = Debug|Any CPU
		{F46E4D5D-06D4-45CD-A440-9DFAF32C6AAB}.Debug|x64.ActiveCfg = Debug|Any CPU
		{F46E4D5D-06D4-45CD-A440-9DFAF32C6AAB}.Debug|x86.ActiveCfg = Debug|Any CPU
		{F46E4D5D-06D4-45CD-A440-9DFAF32C6AAB}.Release|Any CPU.ActiveCfg = Release|Any CPU
		{F46E4D5D-06D4-45CD-A440-9DFAF32C6AAB}.Release|Any CPU.Build.0 = Release|Any CPU
		{F46E4D5D-06D4-45CD-A440-9DFAF32C6AAB}.Release|Mixed Platforms.ActiveCfg = Release|Any CPU
		{F46E4D5D-06D4-45CD-A440-9DFAF32C6AAB}.Release|Mixed Platforms.Build.0 = Release|Any CPU
		{F46E4D5D-06D4-45CD-A440-9DFAF32C6AAB}.Release|Win32.ActiveCfg = Release|Any CPU
		{F46E4D5D-06D4-45CD-A440-9DFAF32C6AAB}.Release|x64.ActiveCfg = Release|Any CPU
		{F46E4D5D-06D4-45CD-A440-9DFAF32C6AAB}.Release|x86.ActiveCfg = Release|Any CPU
		{79A1E516-D418-40EB-9337-3E55B45FF945}.Debug|Any CPU.ActiveCfg = Debug|Win32
		{79A1E516-D418-40EB-9337-3E55B45FF945}.Debug|Mixed Platforms.ActiveCfg = Debug|Win32
		{79A1E516-D418-40EB-9337-3E55B45FF945}.Debug|Mixed Platforms.Build.0 = Debug|Win32
		{79A1E516-D418-40EB-9337-3E55B45FF945}.Debug|Win32.ActiveCfg = Debug|Win32
		{79A1E516-D418-40EB-9337-3E55B45FF945}.Debug|Win32.Build.0 = Debug|Win32
		{79A1E516-D418-40EB-9337-3E55B45FF945}.Debug|x64.ActiveCfg = Debug|x64
		{79A1E516-D418-40EB-9337-3E55B45FF945}.Debug|x64.Build.0 = Debug|x64
		{79A1E516-D418-40EB-9337-3E55B45FF945}.Debug|x86.ActiveCfg = Debug|Win32
		{79A1E516-D418-40EB-9337-3E55B45FF945}.Debug|x86.Build.0 = Debug|Win32
		{79A1E516-D418-40EB-9337-3E55B45FF945}.Release|Any CPU.ActiveCfg = Release|Win32
		{79A1E516-D418-40EB-9337-3E55B45FF945}.Release|Mixed Platforms.ActiveCfg = Release|Win32
		{79A1E516-D418-40EB-9337-3E55B45FF945}.Release|Mixed Platforms.Build.0 = Release|Win32
		{79A1E516-D418-40EB-9337-3E55B45FF945}.Release|Win32.ActiveCfg = Release|Win32
		{79A1E516-D418-40EB-9337-3E55B45FF945}.Release|Win32.Build.0 = Release|Win32
		{79A1E516-D418-40EB-9337-3E55B45FF945}.Release|x64.ActiveCfg = Release|x64
		{79A1E516-D418-40EB-9337-3E55B45FF945}.Release|x64.Build.0 = Release|x64
		{79A1E516-D418-40EB-9337-3E55B45FF945}.Release|x86.ActiveCfg = Release|Win32
		{79A1E516-D418-40EB-9337-3E55B45FF945}.Release|x86.Build.0 = Release|Win32
		{44FE6EAD-6A8F-44C9-942C-4175BD7CDF03}.Debug|Any CPU.ActiveCfg = Debug|Any CPU
		{44FE6EAD-6A8F-44C9-942C-4175BD7CDF03}.Debug|Any CPU.Build.0 = Debug|Any CPU
		{44FE6EAD-6A8F-44C9-942C-4175BD7CDF03}.Debug|Mixed Platforms.ActiveCfg = Debug|Any CPU
		{44FE6EAD-6A8F-44C9-942C-4175BD7CDF03}.Debug|Mixed Platforms.Build.0 = Debug|Any CPU
		{44FE6EAD-6A8F-44C9-942C-4175BD7CDF03}.Debug|Win32.ActiveCfg = Debug|Any CPU
		{44FE6EAD-6A8F-44C9-942C-4175BD7CDF03}.Debug|x64.ActiveCfg = Debug|Any CPU
		{44FE6EAD-6A8F-44C9-942C-4175BD7CDF03}.Debug|x86.ActiveCfg = Debug|Any CPU
		{44FE6EAD-6A8F-44C9-942C-4175BD7CDF03}.Release|Any CPU.ActiveCfg = Release|Any CPU
		{44FE6EAD-6A8F-44C9-942C-4175BD7CDF03}.Release|Any CPU.Build.0 = Release|Any CPU
		{44FE6EAD-6A8F-44C9-942C-4175BD7CDF03}.Release|Mixed Platforms.ActiveCfg = Release|Any CPU
		{44FE6EAD-6A8F-44C9-942C-4175BD7CDF03}.Release|Mixed Platforms.Build.0 = Release|Any CPU
		{44FE6EAD-6A8F-44C9-942C-4175BD7CDF03}.Release|Win32.ActiveCfg = Release|Any CPU
		{44FE6EAD-6A8F-44C9-942C-4175BD7CDF03}.Release|x64.ActiveCfg = Release|Any CPU
		{44FE6EAD-6A8F-44C9-942C-4175BD7CDF03}.Release|x86.ActiveCfg = Release|Any CPU
		{5A383EB5-E20F-4645-9365-32E97F4FDFBD}.Debug|Any CPU.ActiveCfg = Debug|Win32
		{5A383EB5-E20F-4645-9365-32E97F4FDFBD}.Debug|Mixed Platforms.ActiveCfg = Debug|Win32
		{5A383EB5-E20F-4645-9365-32E97F4FDFBD}.Debug|Mixed Platforms.Build.0 = Debug|Win32
		{5A383EB5-E20F-4645-9365-32E97F4FDFBD}.Debug|Win32.ActiveCfg = Debug|Win32
		{5A383EB5-E20F-4645-9365-32E97F4FDFBD}.Debug|Win32.Build.0 = Debug|Win32
		{5A383EB5-E20F-4645-9365-32E97F4FDFBD}.Debug|x64.ActiveCfg = Debug|Win32
		{5A383EB5-E20F-4645-9365-32E97F4FDFBD}.Debug|x86.ActiveCfg = Debug|Win32
		{5A383EB5-E20F-4645-9365-32E97F4FDFBD}.Debug|x86.Build.0 = Debug|Win32
		{5A383EB5-E20F-4645-9365-32E97F4FDFBD}.Release|Any CPU.ActiveCfg = Release|Win32
		{5A383EB5-E20F-4645-9365-32E97F4FDFBD}.Release|Mixed Platforms.ActiveCfg = Release|Win32
		{5A383EB5-E20F-4645-9365-32E97F4FDFBD}.Release|Mixed Platforms.Build.0 = Release|Win32
		{5A383EB5-E20F-4645-9365-32E97F4FDFBD}.Release|Win32.ActiveCfg = Release|Win32
		{5A383EB5-E20F-4645-9365-32E97F4FDFBD}.Release|Win32.Build.0 = Release|Win32
		{5A383EB5-E20F-4645-9365-32E97F4FDFBD}.Release|x64.ActiveCfg = Release|Win32
		{5A383EB5-E20F-4645-9365-32E97F4FDFBD}.Release|x86.ActiveCfg = Release|Win32
		{5A383EB5-E20F-4645-9365-32E97F4FDFBD}.Release|x86.Build.0 = Release|Win32
		{7E6540EE-14FB-4C13-9092-48F69AE12BBC}.Debug|Any CPU.ActiveCfg = Debug|Any CPU
		{7E6540EE-14FB-4C13-9092-48F69AE12BBC}.Debug|Any CPU.Build.0 = Debug|Any CPU
		{7E6540EE-14FB-4C13-9092-48F69AE12BBC}.Debug|Mixed Platforms.ActiveCfg = Debug|Any CPU
		{7E6540EE-14FB-4C13-9092-48F69AE12BBC}.Debug|Mixed Platforms.Build.0 = Debug|Any CPU
		{7E6540EE-14FB-4C13-9092-48F69AE12BBC}.Debug|Win32.ActiveCfg = Debug|Any CPU
		{7E6540EE-14FB-4C13-9092-48F69AE12BBC}.Debug|x64.ActiveCfg = Debug|Any CPU
		{7E6540EE-14FB-4C13-9092-48F69AE12BBC}.Debug|x86.ActiveCfg = Debug|Any CPU
		{7E6540EE-14FB-4C13-9092-48F69AE12BBC}.Release|Any CPU.ActiveCfg = Release|Any CPU
		{7E6540EE-14FB-4C13-9092-48F69AE12BBC}.Release|Any CPU.Build.0 = Release|Any CPU
		{7E6540EE-14FB-4C13-9092-48F69AE12BBC}.Release|Mixed Platforms.ActiveCfg = Release|Any CPU
		{7E6540EE-14FB-4C13-9092-48F69AE12BBC}.Release|Mixed Platforms.Build.0 = Release|Any CPU
		{7E6540EE-14FB-4C13-9092-48F69AE12BBC}.Release|Win32.ActiveCfg = Release|Any CPU
		{7E6540EE-14FB-4C13-9092-48F69AE12BBC}.Release|x64.ActiveCfg = Release|Any CPU
		{7E6540EE-14FB-4C13-9092-48F69AE12BBC}.Release|x86.ActiveCfg = Release|Any CPU
	EndGlobalSection
	GlobalSection(SolutionProperties) = preSolution
		HideSolutionNode = FALSE
	EndGlobalSection
EndGlobal
