
Microsoft Visual Studio Solution File, Format Version 12.00
# Visual Studio 2013
VisualStudioVersion = 12.0.40629.0
MinimumVisualStudioVersion = 10.0.40219.1
Project("{FAE04EC0-301F-11D3-BF4B-00C04F79EFBC}") = "CocoWrapper", "CocoWrapper\CocoWrapper.csproj", "{0A2370FE-CBB5-4240-BA08-BC8E09AB660A}"
	ProjectSection(ProjectDependencies) = postProject
		{ADD340B4-890A-4181-B6C2-4E5B60AB2D31} = {ADD340B4-890A-4181-B6C2-4E5B60AB2D31}
	EndProjectSection
EndProject
Project("{8BC9CEB8-8B4A-11D0-8D11-00A0C91BC942}") = "CocoLibrary", "CocoLibrary\CocoLibrary.vcxproj", "{ADD340B4-890A-4181-B6C2-4E5B60AB2D31}"
EndProject
Project("{FAE04EC0-301F-11D3-BF4B-00C04F79EFBC}") = "ExampleExperiment", "ExampleExperiment\ExampleExperiment.csproj", "{2137CA1E-A603-4D2C-B869-74276D42A98A}"
EndProject
Global
	GlobalSection(SolutionConfigurationPlatforms) = preSolution
		Debug|Any CPU = Debug|Any CPU
		Debug|Mixed Platforms = Debug|Mixed Platforms
		Debug|Win32 = Debug|Win32
		Release|Any CPU = Release|Any CPU
		Release|Mixed Platforms = Release|Mixed Platforms
		Release|Win32 = Release|Win32
	EndGlobalSection
	GlobalSection(ProjectConfigurationPlatforms) = postSolution
		{0A2370FE-CBB5-4240-BA08-BC8E09AB660A}.Debug|Any CPU.ActiveCfg = Debug|Any CPU
		{0A2370FE-CBB5-4240-BA08-BC8E09AB660A}.Debug|Any CPU.Build.0 = Debug|Any CPU
		{0A2370FE-CBB5-4240-BA08-BC8E09AB660A}.Debug|Mixed Platforms.ActiveCfg = Debug|Any CPU
		{0A2370FE-CBB5-4240-BA08-BC8E09AB660A}.Debug|Mixed Platforms.Build.0 = Debug|Any CPU
		{0A2370FE-CBB5-4240-BA08-BC8E09AB660A}.Debug|Win32.ActiveCfg = Debug|Any CPU
		{0A2370FE-CBB5-4240-BA08-BC8E09AB660A}.Release|Any CPU.ActiveCfg = Release|Any CPU
		{0A2370FE-CBB5-4240-BA08-BC8E09AB660A}.Release|Any CPU.Build.0 = Release|Any CPU
		{0A2370FE-CBB5-4240-BA08-BC8E09AB660A}.Release|Mixed Platforms.ActiveCfg = Release|Any CPU
		{0A2370FE-CBB5-4240-BA08-BC8E09AB660A}.Release|Mixed Platforms.Build.0 = Release|Any CPU
		{0A2370FE-CBB5-4240-BA08-BC8E09AB660A}.Release|Win32.ActiveCfg = Release|Any CPU
		{ADD340B4-890A-4181-B6C2-4E5B60AB2D31}.Debug|Any CPU.ActiveCfg = Debug|Win32
		{ADD340B4-890A-4181-B6C2-4E5B60AB2D31}.Debug|Mixed Platforms.ActiveCfg = Debug|Win32
		{ADD340B4-890A-4181-B6C2-4E5B60AB2D31}.Debug|Mixed Platforms.Build.0 = Debug|Win32
		{ADD340B4-890A-4181-B6C2-4E5B60AB2D31}.Debug|Win32.ActiveCfg = Debug|Win32
		{ADD340B4-890A-4181-B6C2-4E5B60AB2D31}.Debug|Win32.Build.0 = Debug|Win32
		{ADD340B4-890A-4181-B6C2-4E5B60AB2D31}.Release|Any CPU.ActiveCfg = Release|Win32
		{ADD340B4-890A-4181-B6C2-4E5B60AB2D31}.Release|Mixed Platforms.ActiveCfg = Release|Win32
		{ADD340B4-890A-4181-B6C2-4E5B60AB2D31}.Release|Mixed Platforms.Build.0 = Release|Win32
		{ADD340B4-890A-4181-B6C2-4E5B60AB2D31}.Release|Win32.ActiveCfg = Release|Win32
		{ADD340B4-890A-4181-B6C2-4E5B60AB2D31}.Release|Win32.Build.0 = Release|Win32
		{2137CA1E-A603-4D2C-B869-74276D42A98A}.Debug|Any CPU.ActiveCfg = Debug|Any CPU
		{2137CA1E-A603-4D2C-B869-74276D42A98A}.Debug|Any CPU.Build.0 = Debug|Any CPU
		{2137CA1E-A603-4D2C-B869-74276D42A98A}.Debug|Mixed Platforms.ActiveCfg = Debug|Any CPU
		{2137CA1E-A603-4D2C-B869-74276D42A98A}.Debug|Mixed Platforms.Build.0 = Debug|Any CPU
		{2137CA1E-A603-4D2C-B869-74276D42A98A}.Debug|Win32.ActiveCfg = Debug|Any CPU
		{2137CA1E-A603-4D2C-B869-74276D42A98A}.Release|Any CPU.ActiveCfg = Release|Any CPU
		{2137CA1E-A603-4D2C-B869-74276D42A98A}.Release|Any CPU.Build.0 = Release|Any CPU
		{2137CA1E-A603-4D2C-B869-74276D42A98A}.Release|Mixed Platforms.ActiveCfg = Release|Any CPU
		{2137CA1E-A603-4D2C-B869-74276D42A98A}.Release|Mixed Platforms.Build.0 = Release|Any CPU
		{2137CA1E-A603-4D2C-B869-74276D42A98A}.Release|Win32.ActiveCfg = Release|Any CPU
	EndGlobalSection
	GlobalSection(SolutionProperties) = preSolution
		HideSolutionNode = FALSE
	EndGlobalSection
EndGlobal
